
Microsoft Visual Studio Solution File, Format Version 12.00
# Visual Studio Version 17
VisualStudioVersion = 17.5.33516.290
MinimumVisualStudioVersion = 10.0.40219.1
Project("{9A19103F-16F7-4668-BE54-9A1E7A4F7556}") = "RestaurantOpenApi", "RestaurantOpenApi\RestaurantOpenApi.csproj", "{037A8331-45DA-4E3B-BB6A-3C7FE0906EF8}"
EndProject
Project("{9A19103F-16F7-4668-BE54-9A1E7A4F7556}") = "Application", "Application\Application.csproj", "{31723A3F-0994-4E21-B4A4-C7DBCF1962EF}"
EndProject
Project("{9A19103F-16F7-4668-BE54-9A1E7A4F7556}") = "Domain", "Domain\Domain.csproj", "{5DE61966-5147-4512-BB4F-FDCE2247D9BD}"
EndProject
Project("{9A19103F-16F7-4668-BE54-9A1E7A4F7556}") = "Infrastructure", "Infrastructure\Infrastructure.csproj", "{A0B1130E-CEF4-4765-9718-877CD3760BAF}"
EndProject
Global
	GlobalSection(SolutionConfigurationPlatforms) = preSolution
		Debug|Any CPU = Debug|Any CPU
		Release|Any CPU = Release|Any CPU
	EndGlobalSection
	GlobalSection(ProjectConfigurationPlatforms) = postSolution
		{037A8331-45DA-4E3B-BB6A-3C7FE0906EF8}.Debug|Any CPU.ActiveCfg = Debug|Any CPU
		{037A8331-45DA-4E3B-BB6A-3C7FE0906EF8}.Debug|Any CPU.Build.0 = Debug|Any CPU
		{037A8331-45DA-4E3B-BB6A-3C7FE0906EF8}.Release|Any CPU.ActiveCfg = Release|Any CPU
		{037A8331-45DA-4E3B-BB6A-3C7FE0906EF8}.Release|Any CPU.Build.0 = Release|Any CPU
		{31723A3F-0994-4E21-B4A4-C7DBCF1962EF}.Debug|Any CPU.ActiveCfg = Debug|Any CPU
		{31723A3F-0994-4E21-B4A4-C7DBCF1962EF}.Debug|Any CPU.Build.0 = Debug|Any CPU
		{31723A3F-0994-4E21-B4A4-C7DBCF1962EF}.Release|Any CPU.ActiveCfg = Release|Any CPU
		{31723A3F-0994-4E21-B4A4-C7DBCF1962EF}.Release|Any CPU.Build.0 = Release|Any CPU
		{5DE61966-5147-4512-BB4F-FDCE2247D9BD}.Debug|Any CPU.ActiveCfg = Debug|Any CPU
		{5DE61966-5147-4512-BB4F-FDCE2247D9BD}.Debug|Any CPU.Build.0 = Debug|Any CPU
		{5DE61966-5147-4512-BB4F-FDCE2247D9BD}.Release|Any CPU.ActiveCfg = Release|Any CPU
		{5DE61966-5147-4512-BB4F-FDCE2247D9BD}.Release|Any CPU.Build.0 = Release|Any CPU
		{A0B1130E-CEF4-4765-9718-877CD3760BAF}.Debug|Any CPU.ActiveCfg = Debug|Any CPU
		{A0B1130E-CEF4-4765-9718-877CD3760BAF}.Debug|Any CPU.Build.0 = Debug|Any CPU
		{A0B1130E-CEF4-4765-9718-877CD3760BAF}.Release|Any CPU.ActiveCfg = Release|Any CPU
		{A0B1130E-CEF4-4765-9718-877CD3760BAF}.Release|Any CPU.Build.0 = Release|Any CPU
	EndGlobalSection
	GlobalSection(SolutionProperties) = preSolution
		HideSolutionNode = FALSE
	EndGlobalSection
	GlobalSection(ExtensibilityGlobals) = postSolution
		SolutionGuid = {2F20803A-057F-4047-883E-09F62502CDAF}
	EndGlobalSection
EndGlobal
